<?xml version="1.0" encoding="UTF-8" standalone="yes" ?>
<CodeBlocks_project_file>
	<FileVersion major="1" minor="6" />
	<Project>
		<Option title="WindowsDropFilesCallback" />
		<Option pch_mode="2" />
		<Option compiler="gcc" />
		<Build>
			<Target title="Release">
				<Option output="bin/Release/WindowsDropFilesCallback" prefix_auto="1" extension_auto="1" />
				<Option working_dir="" />
				<Option object_output="obj/Release/" />
				<Option type="2" />
				<Option compiler="gcc" />
				<Option createDefFile="1" />
				<Compiler>
					<Add option="-Wall" />
					<Add option="-O2" />
				</Compiler>
				<Linker>
					<Add option="-s" />
				</Linker>
			</Target>
		</Build>
		<Compiler>
			<Add directory="C:/Users/Diego Thames Vargas/Documents/Cosas/Mis proyectos/Spark/SFML/include" />
			<Add directory="C:/Users/Diego Thames Vargas/Documents/Cosas/Mis proyectos/Spark/Spark/Spark 0.0.1/Spark/include" />
			<Add directory="include" />
		</Compiler>
		<Linker>
			<Add library="spark" />
			<Add library="sfml-graphics" />
			<Add library="sfml-window" />
			<Add library="sfml-system" />
			<Add library="sfml-audio" />
			<Add directory="C:/Users/Diego Thames Vargas/Documents/Cosas/Mis proyectos/Spark/SFML/lib" />
			<Add directory="C:/Users/Diego Thames Vargas/Documents/Cosas/Mis proyectos/Spark/Spark/Spark 0.0.1/Spark/bin/Release" />
		</Linker>
		<Unit filename="include/DropFilesCallback.hpp" />
		<Unit filename="source/DropFilesCallback.cpp" />
		<Extensions>
			<code_completion />
			<envvars />
			<debugger />
		</Extensions>
	</Project>
</CodeBlocks_project_file>
